
Microsoft Visual Studio Solution File, Format Version 12.00
# Visual Studio Version 17
VisualStudioVersion = 17.5.33502.453
MinimumVisualStudioVersion = 10.0.40219.1
Project("{9A19103F-16F7-4668-BE54-9A1E7A4F7556}") = "SistemaConta.Presentation", "SistemaConta.Presentation\SistemaConta.Presentation.csproj", "{3FDA1BDB-EC2D-49C6-B945-079F20836E77}"
EndProject
Project("{2150E333-8FDC-42A3-9474-1A3956D46DE8}") = "1 - Presentation Layer", "1 - Presentation Layer", "{A8BBB4CC-6BF8-415F-A55B-31E902B7A7B7}"
EndProject
Project("{2150E333-8FDC-42A3-9474-1A3956D46DE8}") = "2 - Data Layer", "2 - Data Layer", "{8EB752A5-15B5-4076-B416-DCA4D696AF3C}"
EndProject
Project("{FAE04EC0-301F-11D3-BF4B-00C04F79EFBC}") = "SistemaConta.Data", "SistemaConta.Data\SistemaConta.Data.csproj", "{452848E7-1313-4DBD-9020-9CE55640421C}"
EndProject
Global
	GlobalSection(SolutionConfigurationPlatforms) = preSolution
		Debug|Any CPU = Debug|Any CPU
		Release|Any CPU = Release|Any CPU
	EndGlobalSection
	GlobalSection(ProjectConfigurationPlatforms) = postSolution
		{3FDA1BDB-EC2D-49C6-B945-079F20836E77}.Debug|Any CPU.ActiveCfg = Debug|Any CPU
		{3FDA1BDB-EC2D-49C6-B945-079F20836E77}.Debug|Any CPU.Build.0 = Debug|Any CPU
		{3FDA1BDB-EC2D-49C6-B945-079F20836E77}.Release|Any CPU.ActiveCfg = Release|Any CPU
		{3FDA1BDB-EC2D-49C6-B945-079F20836E77}.Release|Any CPU.Build.0 = Release|Any CPU
		{452848E7-1313-4DBD-9020-9CE55640421C}.Debug|Any CPU.ActiveCfg = Debug|Any CPU
		{452848E7-1313-4DBD-9020-9CE55640421C}.Debug|Any CPU.Build.0 = Debug|Any CPU
		{452848E7-1313-4DBD-9020-9CE55640421C}.Release|Any CPU.ActiveCfg = Release|Any CPU
		{452848E7-1313-4DBD-9020-9CE55640421C}.Release|Any CPU.Build.0 = Release|Any CPU
	EndGlobalSection
	GlobalSection(SolutionProperties) = preSolution
		HideSolutionNode = FALSE
	EndGlobalSection
	GlobalSection(NestedProjects) = preSolution
		{3FDA1BDB-EC2D-49C6-B945-079F20836E77} = {A8BBB4CC-6BF8-415F-A55B-31E902B7A7B7}
		{452848E7-1313-4DBD-9020-9CE55640421C} = {8EB752A5-15B5-4076-B416-DCA4D696AF3C}
	EndGlobalSection
	GlobalSection(ExtensibilityGlobals) = postSolution
		SolutionGuid = {30EC659D-3168-4E51-85B0-5ECECFDA01CD}
	EndGlobalSection
EndGlobal
